
Microsoft Visual Studio Solution File, Format Version 12.00
# Visual Studio Version 17
VisualStudioVersion = 17.4.33213.308
MinimumVisualStudioVersion = 10.0.40219.1
Project("{FAE04EC0-301F-11D3-BF4B-00C04F79EFBC}") = "Pessoa", "Pessoa.csproj", "{BBCCFFA5-9FD4-4A53-B854-85E24F534A33}"
EndProject
Global
	GlobalSection(SolutionConfigurationPlatforms) = preSolution
		Debug|Any CPU = Debug|Any CPU
		Release|Any CPU = Release|Any CPU
	EndGlobalSection
	GlobalSection(ProjectConfigurationPlatforms) = postSolution
		{BBCCFFA5-9FD4-4A53-B854-85E24F534A33}.Debug|Any CPU.ActiveCfg = Debug|Any CPU
		{BBCCFFA5-9FD4-4A53-B854-85E24F534A33}.Debug|Any CPU.Build.0 = Debug|Any CPU
		{BBCCFFA5-9FD4-4A53-B854-85E24F534A33}.Release|Any CPU.ActiveCfg = Release|Any CPU
		{BBCCFFA5-9FD4-4A53-B854-85E24F534A33}.Release|Any CPU.Build.0 = Release|Any CPU
	EndGlobalSection
	GlobalSection(SolutionProperties) = preSolution
		HideSolutionNode = FALSE
	EndGlobalSection
	GlobalSection(ExtensibilityGlobals) = postSolution
		SolutionGuid = {4C730FC2-DE09-4144-B92B-46D86DB7866D}
	EndGlobalSection
EndGlobal
